
Microsoft Visual Studio Solution File, Format Version 12.00
# Visual Studio 2013
VisualStudioVersion = 12.0.31101.0
MinimumVisualStudioVersion = 10.0.40219.1
Project("{FAE04EC0-301F-11D3-BF4B-00C04F79EFBC}") = "Product_47130(ASP.NET Application)", "ASP.NET\Product_47130(ASP.NET Application).csproj", "{FE7D9ED4-9C0A-4EB9-8125-504C9F111FA6}"
EndProject
Project("{FAE04EC0-301F-11D3-BF4B-00C04F79EFBC}") = "Product_47130(Objects)", "Objects\Product_47130(Objects).csproj", "{4BB59A1D-BF20-4C8D-AA31-FF9725AE2A3C}"
EndProject
Global
	GlobalSection(SolutionConfigurationPlatforms) = preSolution
Debug|Any CPU = Debug|Any CPU
Release|Any CPU = Release|Any CPU
	EndGlobalSection
	GlobalSection(ProjectConfigurationPlatforms) = postSolution
		{FE7D9ED4-9C0A-4EB9-8125-504C9F111FA6}.Debug|Any CPU.ActiveCfg = Debug|Any CPU
		{FE7D9ED4-9C0A-4EB9-8125-504C9F111FA6}.Debug|Any CPU.Build.0 = Debug|Any CPU
		{FE7D9ED4-9C0A-4EB9-8125-504C9F111FA6}.Release|Any CPU.ActiveCfg = Release|Any CPU
		{FE7D9ED4-9C0A-4EB9-8125-504C9F111FA6}.Release|Any CPU.Build.0 = Release|Any CPU
		{4BB59A1D-BF20-4C8D-AA31-FF9725AE2A3C}.Debug|Any CPU.ActiveCfg = Debug|Any CPU
		{4BB59A1D-BF20-4C8D-AA31-FF9725AE2A3C}.Debug|Any CPU.Build.0 = Debug|Any CPU
		{4BB59A1D-BF20-4C8D-AA31-FF9725AE2A3C}.Release|Any CPU.ActiveCfg = Release|Any CPU
		{4BB59A1D-BF20-4C8D-AA31-FF9725AE2A3C}.Release|Any CPU.Build.0 = Release|Any CPU
	EndGlobalSection
	GlobalSection(SolutionProperties) = preSolution
		HideSolutionNode = FALSE
	EndGlobalSection
EndGlobal
